
Microsoft Visual Studio Solution File, Format Version 12.00
# Visual Studio 2012
Project("{FAE04EC0-301F-11D3-BF4B-00C04F79EFBC}") = "TestApp", "TestApp.csproj", "{EE03B9A2-EFFD-4D15-AB4C-91FC862CF1BF}"
EndProject
Global
	GlobalSection(SolutionConfigurationPlatforms) = preSolution
		Debug|Any CPU = Debug|Any CPU
		Release|Any CPU = Release|Any CPU
	EndGlobalSection
	GlobalSection(ProjectConfigurationPlatforms) = postSolution
		{EE03B9A2-EFFD-4D15-AB4C-91FC862CF1BF}.Debug|Any CPU.ActiveCfg = Debug|Any CPU
		{EE03B9A2-EFFD-4D15-AB4C-91FC862CF1BF}.Debug|Any CPU.Build.0 = Debug|Any CPU
		{EE03B9A2-EFFD-4D15-AB4C-91FC862CF1BF}.Release|Any CPU.ActiveCfg = Release|Any CPU
		{EE03B9A2-EFFD-4D15-AB4C-91FC862CF1BF}.Release|Any CPU.Build.0 = Release|Any CPU
	EndGlobalSection
	GlobalSection(MonoDevelopProperties) = preSolution
		StartupItem = TestApp.csproj
	EndGlobalSection
EndGlobal
